# THIS IS AN AUTOGENERATED FILE. DO NOT EDIT THIS FILE DIRECTLY.
# yarn lockfile v1


signature_pad@^2.3.2:
  version "2.3.2"
  resolved "https://registry.yarnpkg.com/signature_pad/-/signature_pad-2.3.2.tgz#ca7230021c89cedeead27b33d8d16ff254e5f04a"

vue@^2.5.13:
  version "2.5.13"
  resolved "https://registry.yarnpkg.com/vue/-/vue-2.5.13.tgz#95bd31e20efcf7a7f39239c9aa6787ce8cf578e1"
